PODS:
  - LTScrollView (0.1.7)
  - MJRefresh (3.1.14.1)

DEPENDENCIES:
  - LTScrollView (~> 0.1.7)
  - MJRefresh (~> 3.1.14.1)

SPEC REPOS:
  https://github.com/CocoaPods/Specs.git:
    - LTScrollView
    - MJRefresh

SPEC CHECKSUMS:
  LTScrollView: d7e8aeb7552b7d073475af49b0f67fc39b1980f0
  MJRefresh: 238e6a37e2dba12160ee3b79f6d2a2b26abcab42

PODFILE CHECKSUM: 272b2a79a90cb173c3c47b8c2ca7e378a4a235c6

COCOAPODS: 1.11.3
